
Microsoft Visual Studio Solution File, Format Version 12.00
# Visual Studio Version 16
VisualStudioVersion = 16.0.29519.87
MinimumVisualStudioVersion = 10.0.40219.1
Project("{9A19103F-16F7-4668-BE54-9A1E7A4F7556}") = "SNT", "SNT\SNT.csproj", "{B63DE3E4-F711-456F-B637-8CF54816A3CE}"
EndProject
Project("{9A19103F-16F7-4668-BE54-9A1E7A4F7556}") = "SNT.WPF", "SNT.WPF\SNT.WPF.csproj", "{0CB71CCF-BC15-4CDF-B02F-FAF6C3AF6550}"
EndProject
Global
	GlobalSection(SolutionConfigurationPlatforms) = preSolution
		Debug|Any CPU = Debug|Any CPU
		Debug|x64 = Debug|x64
		Debug|x86 = Debug|x86
		Release|Any CPU = Release|Any CPU
		Release|x64 = Release|x64
		Release|x86 = Release|x86
	EndGlobalSection
	GlobalSection(ProjectConfigurationPlatforms) = postSolution
		{B63DE3E4-F711-456F-B637-8CF54816A3CE}.Debug|Any CPU.ActiveCfg = Debug|Any CPU
		{B63DE3E4-F711-456F-B637-8CF54816A3CE}.Debug|Any CPU.Build.0 = Debug|Any CPU
		{B63DE3E4-F711-456F-B637-8CF54816A3CE}.Debug|x64.ActiveCfg = Debug|Any CPU
		{B63DE3E4-F711-456F-B637-8CF54816A3CE}.Debug|x64.Build.0 = Debug|Any CPU
		{B63DE3E4-F711-456F-B637-8CF54816A3CE}.Debug|x86.ActiveCfg = Debug|Any CPU
		{B63DE3E4-F711-456F-B637-8CF54816A3CE}.Debug|x86.Build.0 = Debug|Any CPU
		{B63DE3E4-F711-456F-B637-8CF54816A3CE}.Release|Any CPU.ActiveCfg = Release|Any CPU
		{B63DE3E4-F711-456F-B637-8CF54816A3CE}.Release|Any CPU.Build.0 = Release|Any CPU
		{B63DE3E4-F711-456F-B637-8CF54816A3CE}.Release|x64.ActiveCfg = Release|Any CPU
		{B63DE3E4-F711-456F-B637-8CF54816A3CE}.Release|x64.Build.0 = Release|Any CPU
		{B63DE3E4-F711-456F-B637-8CF54816A3CE}.Release|x86.ActiveCfg = Release|Any CPU
		{B63DE3E4-F711-456F-B637-8CF54816A3CE}.Release|x86.Build.0 = Release|Any CPU
		{0CB71CCF-BC15-4CDF-B02F-FAF6C3AF6550}.Debug|Any CPU.ActiveCfg = Debug|Any CPU
		{0CB71CCF-BC15-4CDF-B02F-FAF6C3AF6550}.Debug|Any CPU.Build.0 = Debug|Any CPU
		{0CB71CCF-BC15-4CDF-B02F-FAF6C3AF6550}.Debug|x64.ActiveCfg = Debug|Any CPU
		{0CB71CCF-BC15-4CDF-B02F-FAF6C3AF6550}.Debug|x64.Build.0 = Debug|Any CPU
		{0CB71CCF-BC15-4CDF-B02F-FAF6C3AF6550}.Debug|x86.ActiveCfg = Debug|Any CPU
		{0CB71CCF-BC15-4CDF-B02F-FAF6C3AF6550}.Debug|x86.Build.0 = Debug|Any CPU
		{0CB71CCF-BC15-4CDF-B02F-FAF6C3AF6550}.Release|Any CPU.ActiveCfg = Release|Any CPU
		{0CB71CCF-BC15-4CDF-B02F-FAF6C3AF6550}.Release|Any CPU.Build.0 = Release|Any CPU
		{0CB71CCF-BC15-4CDF-B02F-FAF6C3AF6550}.Release|x64.ActiveCfg = Release|Any CPU
		{0CB71CCF-BC15-4CDF-B02F-FAF6C3AF6550}.Release|x64.Build.0 = Release|Any CPU
		{0CB71CCF-BC15-4CDF-B02F-FAF6C3AF6550}.Release|x86.ActiveCfg = Release|Any CPU
		{0CB71CCF-BC15-4CDF-B02F-FAF6C3AF6550}.Release|x86.Build.0 = Release|Any CPU
	EndGlobalSection
	GlobalSection(SolutionProperties) = preSolution
		HideSolutionNode = FALSE
	EndGlobalSection
	GlobalSection(ExtensibilityGlobals) = postSolution
		SolutionGuid = {78CD0324-F5D9-4777-869B-EB99901F2E72}
	EndGlobalSection
EndGlobal
